
Microsoft Visual Studio Solution File, Format Version 12.00
# Visual Studio 14
VisualStudioVersion = 14.0.25420.1
MinimumVisualStudioVersion = 10.0.40219.1
Project("{FAE04EC0-301F-11D3-BF4B-00C04F79EFBC}") = "Lemonade", "Lemonade\Lemonade.csproj", "{8EEF07E8-75F4-4613-9922-B2DB1654F977}"
EndProject
Project("{F088123C-0E9E-452A-89E6-6BA2F21D5CAC}") = "UML", "UML\UML.modelproj", "{51D5ACBE-7EF4-42A1-B088-32266639225E}"
EndProject
Project("{FAE04EC0-301F-11D3-BF4B-00C04F79EFBC}") = "LemonadeTest", "LemonadeTest\LemonadeTest.csproj", "{B546FD64-D1DE-4AAC-A22F-C4F35808A15C}"
EndProject
Global
	GlobalSection(SolutionConfigurationPlatforms) = preSolution
		Debug|Any CPU = Debug|Any CPU
		Release|Any CPU = Release|Any CPU
	EndGlobalSection
	GlobalSection(ProjectConfigurationPlatforms) = postSolution
		{8EEF07E8-75F4-4613-9922-B2DB1654F977}.Debug|Any CPU.ActiveCfg = Debug|Any CPU
		{8EEF07E8-75F4-4613-9922-B2DB1654F977}.Debug|Any CPU.Build.0 = Debug|Any CPU
		{8EEF07E8-75F4-4613-9922-B2DB1654F977}.Release|Any CPU.ActiveCfg = Release|Any CPU
		{8EEF07E8-75F4-4613-9922-B2DB1654F977}.Release|Any CPU.Build.0 = Release|Any CPU
		{51D5ACBE-7EF4-42A1-B088-32266639225E}.Debug|Any CPU.ActiveCfg = Debug|Any CPU
		{51D5ACBE-7EF4-42A1-B088-32266639225E}.Debug|Any CPU.Build.0 = Debug|Any CPU
		{51D5ACBE-7EF4-42A1-B088-32266639225E}.Release|Any CPU.ActiveCfg = Release|Any CPU
		{51D5ACBE-7EF4-42A1-B088-32266639225E}.Release|Any CPU.Build.0 = Release|Any CPU
		{B546FD64-D1DE-4AAC-A22F-C4F35808A15C}.Debug|Any CPU.ActiveCfg = Debug|Any CPU
		{B546FD64-D1DE-4AAC-A22F-C4F35808A15C}.Debug|Any CPU.Build.0 = Debug|Any CPU
		{B546FD64-D1DE-4AAC-A22F-C4F35808A15C}.Release|Any CPU.ActiveCfg = Release|Any CPU
		{B546FD64-D1DE-4AAC-A22F-C4F35808A15C}.Release|Any CPU.Build.0 = Release|Any CPU
	EndGlobalSection
	GlobalSection(SolutionProperties) = preSolution
		HideSolutionNode = FALSE
	EndGlobalSection
EndGlobal
